PODS:
  - ANAuth (0.1.0):
    - ANLIB
  - ANLIB (0.1.0)

DEPENDENCIES:
  - ANAuth (from `../Package/ANAuth`)
  - ANLIB (from `../Package/ANLIB`)

EXTERNAL SOURCES:
  ANAuth:
    :path: "../Package/ANAuth"
  ANLIB:
    :path: "../Package/ANLIB"

SPEC CHECKSUMS:
  ANAuth: ba2b818b635a74a9ae59c723c7aa56a71e209dfc
  ANLIB: 87860ceb191f2a7ee3977f96c4f8b42193ed657b

PODFILE CHECKSUM: 3be3a63b334134620bdfc70742e7887033ff26dc

COCOAPODS: 1.11.2
