PODS:
  - ANAuth (0.1.0):
    - ANLIB
  - ANLIB (0.1.0)

DEPENDENCIES:
  - ANAuth (from `../Packages/ANAuth`)
  - ANLIB (from `../Packages/ANLIB`)

EXTERNAL SOURCES:
  ANAuth:
    :path: "../Packages/ANAuth"
  ANLIB:
    :path: "../Packages/ANLIB"

SPEC CHECKSUMS:
  ANAuth: ba2b818b635a74a9ae59c723c7aa56a71e209dfc
  ANLIB: 87860ceb191f2a7ee3977f96c4f8b42193ed657b

PODFILE CHECKSUM: 75689f2b8f050a7dfe1d6e6860df7ab41c9f751d

COCOAPODS: 1.11.2
